{
  "name": "01-intro",
  "version": "1.0.0",
  "lockfileVersion": 2,
  "requires": true,
  "packages": {
    "": {
      "version": "1.0.0",
      "license": "ISC",
      "dependencies": {
        "fantasy-content-generator": "^4.6.7"
      }
    },
    "node_modules/fantasy-content-generator": {
      "version": "4.6.7",
      "resolved": "https://registry.npmjs.org/fantasy-content-generator/-/fantasy-content-generator-4.6.7.tgz",
      "integrity": "sha512-xU/wKiJkApA2pKejiawAKR44MOzN6/u3g6Nlpc8z4vwnQRZYYKMPfnaGV827tEoPjQWjb80oCtu6mTka+qZDyg==",
      "dependencies": {
        "seedrandom": "^3.0.5"
      }
    },
    "node_modules/seedrandom": {
      "version": "3.0.5",
      "resolved": "https://registry.npmjs.org/seedrandom/-/seedrandom-3.0.5.tgz",
      "integrity": "sha512-8OwmbklUNzwezjGInmZ+2clQmExQPvomqjL7LFqOYqtmuxRgQYqOD3mHaU+MvZn5FLUeVxVfQjwLZW/n/JFuqg=="
    }
  },
  "dependencies": {
    "fantasy-content-generator": {
      "version": "4.6.7",
      "resolved": "https://registry.npmjs.org/fantasy-content-generator/-/fantasy-content-generator-4.6.7.tgz",
      "integrity": "sha512-xU/wKiJkApA2pKejiawAKR44MOzN6/u3g6Nlpc8z4vwnQRZYYKMPfnaGV827tEoPjQWjb80oCtu6mTka+qZDyg==",
      "requires": {
        "seedrandom": "^3.0.5"
      }
    },
    "seedrandom": {
      "version": "3.0.5",
      "resolved": "https://registry.npmjs.org/seedrandom/-/seedrandom-3.0.5.tgz",
      "integrity": "sha512-8OwmbklUNzwezjGInmZ+2clQmExQPvomqjL7LFqOYqtmuxRgQYqOD3mHaU+MvZn5FLUeVxVfQjwLZW/n/JFuqg=="
    }
  }
}
